
Microsoft Visual Studio Solution File, Format Version 12.00
# Visual Studio Version 17
VisualStudioVersion = 17.8.34330.188
MinimumVisualStudioVersion = 10.0.40219.1
Project("{9A19103F-16F7-4668-BE54-9A1E7A4F7556}") = "Lr01_Lampart", "Lr01_Lampart\Lr01_Lampart.csproj", "{65728E1C-2512-4932-B13B-7BB14E6C6D4B}"
EndProject
Project("{9A19103F-16F7-4668-BE54-9A1E7A4F7556}") = "Lampart_ControlLibrary", "Lampart_ControlLibrary\Lampart_ControlLibrary.csproj", "{BC24EC87-77BD-4FAA-8297-D3F6DFFD946A}"
EndProject
Global
	GlobalSection(SolutionConfigurationPlatforms) = preSolution
		Debug|Any CPU = Debug|Any CPU
		Release|Any CPU = Release|Any CPU
	EndGlobalSection
	GlobalSection(ProjectConfigurationPlatforms) = postSolution
		{65728E1C-2512-4932-B13B-7BB14E6C6D4B}.Debug|Any CPU.ActiveCfg = Debug|Any CPU
		{65728E1C-2512-4932-B13B-7BB14E6C6D4B}.Debug|Any CPU.Build.0 = Debug|Any CPU
		{65728E1C-2512-4932-B13B-7BB14E6C6D4B}.Release|Any CPU.ActiveCfg = Release|Any CPU
		{65728E1C-2512-4932-B13B-7BB14E6C6D4B}.Release|Any CPU.Build.0 = Release|Any CPU
		{BC24EC87-77BD-4FAA-8297-D3F6DFFD946A}.Debug|Any CPU.ActiveCfg = Debug|Any CPU
		{BC24EC87-77BD-4FAA-8297-D3F6DFFD946A}.Debug|Any CPU.Build.0 = Debug|Any CPU
		{BC24EC87-77BD-4FAA-8297-D3F6DFFD946A}.Release|Any CPU.ActiveCfg = Release|Any CPU
		{BC24EC87-77BD-4FAA-8297-D3F6DFFD946A}.Release|Any CPU.Build.0 = Release|Any CPU
	EndGlobalSection
	GlobalSection(SolutionProperties) = preSolution
		HideSolutionNode = FALSE
	EndGlobalSection
	GlobalSection(ExtensibilityGlobals) = postSolution
		SolutionGuid = {A9059114-856A-46A9-AA3E-2E68CD6547FA}
	EndGlobalSection
EndGlobal
